{
  "name": "carrousel",
  "version": "1.0.0",
  "lockfileVersion": 2,
  "requires": true,
  "packages": {
    "": {
      "name": "carrousel",
      "version": "1.0.0",
      "license": "ISC",
      "dependencies": {
        "@fancyapps/ui": "^5.0.20"
      }
    },
    "node_modules/@fancyapps/ui": {
      "version": "5.0.20",
      "resolved": "https://registry.npmjs.org/@fancyapps/ui/-/ui-5.0.20.tgz",
      "integrity": "sha512-g7go/W0mIplnpVCWNm6uHF6VZeDSAJnPHzx0bxyETfzyYqtwpv0LpNYP8TbWqFELvXdXwNkQwHvHxkI9FvGlqQ=="
    }
  },
  "dependencies": {
    "@fancyapps/ui": {
      "version": "5.0.20",
      "resolved": "https://registry.npmjs.org/@fancyapps/ui/-/ui-5.0.20.tgz",
      "integrity": "sha512-g7go/W0mIplnpVCWNm6uHF6VZeDSAJnPHzx0bxyETfzyYqtwpv0LpNYP8TbWqFELvXdXwNkQwHvHxkI9FvGlqQ=="
    }
  }
}
